# THIS IS AN AUTOGENERATED FILE. DO NOT EDIT THIS FILE DIRECTLY.
# yarn lockfile v1


three@^0.117.1:
  version "0.117.1"
  resolved "https://registry.yarnpkg.com/three/-/three-0.117.1.tgz#a49bcb1a6ddea2f250003e42585dc3e78e92b9d3"
  integrity sha512-t4zeJhlNzUIj9+ub0l6nICVimSuRTZJOqvk3Rmlu+YGdTOJ49Wna8p7aumpkXJakJfITiybfpYE1XN1o1Z34UQ==
